
Microsoft Visual Studio Solution File, Format Version 12.00
# Visual Studio Version 17
VisualStudioVersion = 17.8.34525.116
MinimumVisualStudioVersion = 10.0.40219.1
Project("{FAE04EC0-301F-11D3-BF4B-00C04F79EFBC}") = "ThucHanhWebMVC3", "ThucHanhWebMVC3\ThucHanhWebMVC3.csproj", "{F65D4D09-41F1-41D8-AE6C-7B1AE5FA52A7}"
EndProject
Global
	GlobalSection(SolutionConfigurationPlatforms) = preSolution
		Debug|Any CPU = Debug|Any CPU
		Release|Any CPU = Release|Any CPU
	EndGlobalSection
	GlobalSection(ProjectConfigurationPlatforms) = postSolution
		{F65D4D09-41F1-41D8-AE6C-7B1AE5FA52A7}.Debug|Any CPU.ActiveCfg = Debug|Any CPU
		{F65D4D09-41F1-41D8-AE6C-7B1AE5FA52A7}.Debug|Any CPU.Build.0 = Debug|Any CPU
		{F65D4D09-41F1-41D8-AE6C-7B1AE5FA52A7}.Release|Any CPU.ActiveCfg = Release|Any CPU
		{F65D4D09-41F1-41D8-AE6C-7B1AE5FA52A7}.Release|Any CPU.Build.0 = Release|Any CPU
	EndGlobalSection
	GlobalSection(SolutionProperties) = preSolution
		HideSolutionNode = FALSE
	EndGlobalSection
	GlobalSection(ExtensibilityGlobals) = postSolution
		SolutionGuid = {9C6605C7-B81E-4978-B9DC-23E92CAC2CFB}
	EndGlobalSection
EndGlobal
